
Microsoft Visual Studio Solution File, Format Version 12.00
Project("{FAE04EC0-301F-11D3-BF4B-00C04F79EFBC}") = "SocketService", "SocketService\SocketService.csproj", "{A2556A31-0E23-4779-8E35-3E3CA56E10FB}"
EndProject
Global
	GlobalSection(SolutionConfigurationPlatforms) = preSolution
		Debug|Any CPU = Debug|Any CPU
		Release|Any CPU = Release|Any CPU
	EndGlobalSection
	GlobalSection(ProjectConfigurationPlatforms) = postSolution
		{A2556A31-0E23-4779-8E35-3E3CA56E10FB}.Debug|Any CPU.ActiveCfg = Debug|Any CPU
		{A2556A31-0E23-4779-8E35-3E3CA56E10FB}.Debug|Any CPU.Build.0 = Debug|Any CPU
		{A2556A31-0E23-4779-8E35-3E3CA56E10FB}.Release|Any CPU.ActiveCfg = Release|Any CPU
		{A2556A31-0E23-4779-8E35-3E3CA56E10FB}.Release|Any CPU.Build.0 = Release|Any CPU
	EndGlobalSection
EndGlobal
